
Microsoft Visual Studio Solution File, Format Version 12.00
# Visual Studio Version 16
VisualStudioVersion = 16.0.31025.194
MinimumVisualStudioVersion = 10.0.40219.1
Project("{FAE04EC0-301F-11D3-BF4B-00C04F79EFBC}") = "WebApp", "WebApp\WebApp.csproj", "{56FB4BF0-C2EC-4D53-A9C3-1B461AA583CD}"
EndProject
Global
	GlobalSection(SolutionConfigurationPlatforms) = preSolution
		Debug|Any CPU = Debug|Any CPU
		Release|Any CPU = Release|Any CPU
	EndGlobalSection
	GlobalSection(ProjectConfigurationPlatforms) = postSolution
		{56FB4BF0-C2EC-4D53-A9C3-1B461AA583CD}.Debug|Any CPU.ActiveCfg = Debug|Any CPU
		{56FB4BF0-C2EC-4D53-A9C3-1B461AA583CD}.Debug|Any CPU.Build.0 = Debug|Any CPU
		{56FB4BF0-C2EC-4D53-A9C3-1B461AA583CD}.Release|Any CPU.ActiveCfg = Release|Any CPU
		{56FB4BF0-C2EC-4D53-A9C3-1B461AA583CD}.Release|Any CPU.Build.0 = Release|Any CPU
	EndGlobalSection
	GlobalSection(SolutionProperties) = preSolution
		HideSolutionNode = FALSE
	EndGlobalSection
	GlobalSection(ExtensibilityGlobals) = postSolution
		SolutionGuid = {D10DE84F-7237-4EA6-AC39-CE315B1DBDED}
	EndGlobalSection
EndGlobal
